
Microsoft Visual Studio Solution File, Format Version 12.00
# Visual Studio Version 17
VisualStudioVersion = 17.4.33205.214
MinimumVisualStudioVersion = 10.0.40219.1
Project("{FAE04EC0-301F-11D3-BF4B-00C04F79EFBC}") = "AppData", "NguyenDinhdung\AppData.csproj", "{C043B178-4FFF-49F8-B11C-EED95395C3E0}"
EndProject
Project("{FAE04EC0-301F-11D3-BF4B-00C04F79EFBC}") = "AppApi", "AppApi\AppApi.csproj", "{64657DC0-5868-4F48-B963-AF7891835509}"
EndProject
Project("{FAE04EC0-301F-11D3-BF4B-00C04F79EFBC}") = "AppView", "AppView\AppView.csproj", "{B7E28AD2-2A6A-4B7F-991F-F2634ABBA8AD}"
EndProject
Global
	GlobalSection(SolutionConfigurationPlatforms) = preSolution
		Debug|Any CPU = Debug|Any CPU
		Release|Any CPU = Release|Any CPU
	EndGlobalSection
	GlobalSection(ProjectConfigurationPlatforms) = postSolution
		{C043B178-4FFF-49F8-B11C-EED95395C3E0}.Debug|Any CPU.ActiveCfg = Debug|Any CPU
		{C043B178-4FFF-49F8-B11C-EED95395C3E0}.Debug|Any CPU.Build.0 = Debug|Any CPU
		{C043B178-4FFF-49F8-B11C-EED95395C3E0}.Release|Any CPU.ActiveCfg = Release|Any CPU
		{C043B178-4FFF-49F8-B11C-EED95395C3E0}.Release|Any CPU.Build.0 = Release|Any CPU
		{64657DC0-5868-4F48-B963-AF7891835509}.Debug|Any CPU.ActiveCfg = Debug|Any CPU
		{64657DC0-5868-4F48-B963-AF7891835509}.Debug|Any CPU.Build.0 = Debug|Any CPU
		{64657DC0-5868-4F48-B963-AF7891835509}.Release|Any CPU.ActiveCfg = Release|Any CPU
		{64657DC0-5868-4F48-B963-AF7891835509}.Release|Any CPU.Build.0 = Release|Any CPU
		{B7E28AD2-2A6A-4B7F-991F-F2634ABBA8AD}.Debug|Any CPU.ActiveCfg = Debug|Any CPU
		{B7E28AD2-2A6A-4B7F-991F-F2634ABBA8AD}.Debug|Any CPU.Build.0 = Debug|Any CPU
		{B7E28AD2-2A6A-4B7F-991F-F2634ABBA8AD}.Release|Any CPU.ActiveCfg = Release|Any CPU
		{B7E28AD2-2A6A-4B7F-991F-F2634ABBA8AD}.Release|Any CPU.Build.0 = Release|Any CPU
	EndGlobalSection
	GlobalSection(SolutionProperties) = preSolution
		HideSolutionNode = FALSE
	EndGlobalSection
	GlobalSection(ExtensibilityGlobals) = postSolution
		SolutionGuid = {6CB59353-4E3E-4B78-8296-2F38C90AFD3C}
	EndGlobalSection
EndGlobal
